
Microsoft Visual Studio Solution File, Format Version 12.00
# Visual Studio Version 17
VisualStudioVersion = 17.6.33829.357
MinimumVisualStudioVersion = 10.0.40219.1
Project("{9A19103F-16F7-4668-BE54-9A1E7A4F7556}") = "NendoroidApi", "src\NendoroidApi\NendoroidApi.csproj", "{950E8719-2A72-4EE5-93B1-A0099AB4FD0D}"
EndProject
Project("{FAE04EC0-301F-11D3-BF4B-00C04F79EFBC}") = "ApiTests", "tests\ApiTests\ApiTests.csproj", "{9492CA06-017D-450D-8394-0CA3D6DA01B3}"
EndProject
Global
	GlobalSection(SolutionConfigurationPlatforms) = preSolution
		Debug|Any CPU = Debug|Any CPU
		Release|Any CPU = Release|Any CPU
	EndGlobalSection
	GlobalSection(ProjectConfigurationPlatforms) = postSolution
		{950E8719-2A72-4EE5-93B1-A0099AB4FD0D}.Debug|Any CPU.ActiveCfg = Debug|Any CPU
		{950E8719-2A72-4EE5-93B1-A0099AB4FD0D}.Debug|Any CPU.Build.0 = Debug|Any CPU
		{950E8719-2A72-4EE5-93B1-A0099AB4FD0D}.Release|Any CPU.ActiveCfg = Release|Any CPU
		{950E8719-2A72-4EE5-93B1-A0099AB4FD0D}.Release|Any CPU.Build.0 = Release|Any CPU
		{9492CA06-017D-450D-8394-0CA3D6DA01B3}.Debug|Any CPU.ActiveCfg = Debug|Any CPU
		{9492CA06-017D-450D-8394-0CA3D6DA01B3}.Debug|Any CPU.Build.0 = Debug|Any CPU
		{9492CA06-017D-450D-8394-0CA3D6DA01B3}.Release|Any CPU.ActiveCfg = Release|Any CPU
		{9492CA06-017D-450D-8394-0CA3D6DA01B3}.Release|Any CPU.Build.0 = Release|Any CPU
	EndGlobalSection
	GlobalSection(SolutionProperties) = preSolution
		HideSolutionNode = FALSE
	EndGlobalSection
	GlobalSection(ExtensibilityGlobals) = postSolution
		SolutionGuid = {7C5B142A-BE13-4286-85FB-19D2BF97D60D}
	EndGlobalSection
EndGlobal
